
Microsoft Visual Studio Solution File, Format Version 12.00
# Visual Studio Version 16
VisualStudioVersion = 25.0.1706.12
MinimumVisualStudioVersion = 10.0.40219.1
Project("{FAE04EC0-301F-11D3-BF4B-00C04F79EFBC}") = "Driver_Mimicked", "Driver_Mimicked\Driver_Mimicked.csproj", "{71283826-C33B-4DEC-8A2D-14A6EE8FF112}"
EndProject
Global
	GlobalSection(SolutionConfigurationPlatforms) = preSolution
		Debug|Any CPU = Debug|Any CPU
		Release|Any CPU = Release|Any CPU
	EndGlobalSection
	GlobalSection(ProjectConfigurationPlatforms) = postSolution
		{71283826-C33B-4DEC-8A2D-14A6EE8FF112}.Debug|Any CPU.ActiveCfg = Debug|Any CPU
		{71283826-C33B-4DEC-8A2D-14A6EE8FF112}.Debug|Any CPU.Build.0 = Debug|Any CPU
		{71283826-C33B-4DEC-8A2D-14A6EE8FF112}.Release|Any CPU.ActiveCfg = Release|Any CPU
		{71283826-C33B-4DEC-8A2D-14A6EE8FF112}.Release|Any CPU.Build.0 = Release|Any CPU
	EndGlobalSection
	GlobalSection(SolutionProperties) = preSolution
		HideSolutionNode = FALSE
	EndGlobalSection
	GlobalSection(ExtensibilityGlobals) = postSolution
		SolutionGuid = {C593AC2E-9395-45FA-8D13-E53F6F1F028D}
	EndGlobalSection
EndGlobal
